
Microsoft Visual Studio Solution File, Format Version 12.00
# Visual Studio 15
VisualStudioVersion = 15.0.27703.2035
MinimumVisualStudioVersion = 10.0.40219.1
Project("{FAE04EC0-301F-11D3-BF4B-00C04F79EFBC}") = "WpfApp1", "WpfApp1\WpfApp1.csproj", "{4AF7C21E-6319-422B-8DC6-1FDCF6082B24}"
EndProject
Global
	GlobalSection(SolutionConfigurationPlatforms) = preSolution
		Debug|Any CPU = Debug|Any CPU
		Release|Any CPU = Release|Any CPU
	EndGlobalSection
	GlobalSection(ProjectConfigurationPlatforms) = postSolution
		{4AF7C21E-6319-422B-8DC6-1FDCF6082B24}.Debug|Any CPU.ActiveCfg = Debug|Any CPU
		{4AF7C21E-6319-422B-8DC6-1FDCF6082B24}.Debug|Any CPU.Build.0 = Debug|Any CPU
		{4AF7C21E-6319-422B-8DC6-1FDCF6082B24}.Release|Any CPU.ActiveCfg = Release|Any CPU
		{4AF7C21E-6319-422B-8DC6-1FDCF6082B24}.Release|Any CPU.Build.0 = Release|Any CPU
	EndGlobalSection
	GlobalSection(SolutionProperties) = preSolution
		HideSolutionNode = FALSE
	EndGlobalSection
	GlobalSection(ExtensibilityGlobals) = postSolution
		SolutionGuid = {5F1E8899-F54A-47BB-AECA-8AB0D790AAFE}
	EndGlobalSection
EndGlobal
